version = 1
revision = 2
requires-python = ">=3.10"

[[package]]
name = "alien-evolution-pyxel-port"
version = "0.1.0"
source = { editable = "." }
dependencies = [
    { name = "pyxel" },
]

[package.metadata]
requires-dist = [{ name = "pyxel", specifier = ">=1.9.11" }]

[[package]]
name = "pyxel"
version = "2.7.3"
source = { registry = "https://pypi.org/simple" }
wheels = [
    { url = "https://files.pythonhosted.org/packages/d3/9c/fd5a4e4367b6df7df83053433a8aeb03a485325be0395d1f0f4c8bfd35ef/pyxel-2.7.3-cp38-abi3-macosx_10_12_x86_64.whl", hash = "sha256:36a3f6f4b41682d867582fac789c2c4907b605b2302adb93f11b0affbdc8855e", size = 7188264, upload-time = "2026-03-01T09:58:58.111Z" },
    { url = "https://files.pythonhosted.org/packages/5b/87/7514eb57c287666ef0f79ead841710f26f058f815c0d7b92706eae66fb69/pyxel-2.7.3-cp38-abi3-macosx_11_0_arm64.whl", hash = "sha256:d62845fb7e2660104eb6296b8b156e39ddf2052f2ba57a369cb71528caa767f0", size = 6936538, upload-time = "2026-03-01T09:59:00.118Z" },
    { url = "https://files.pythonhosted.org/packages/9d/cd/e44587d21d74d59a51422ac72f275f5afdb13978d5bf126424453457248a/pyxel-2.7.3-cp38-abi3-manylinux_2_17_aarch64.manylinux2014_aarch64.whl", hash = "sha256:18154f464ef2a339259c15ec61a3912e50c10d1bf3ddbbd1876738d476d5aff4", size = 7613969, upload-time = "2026-03-01T09:59:01.631Z" },
    { url = "https://files.pythonhosted.org/packages/43/b6/11cadc7c205e69fb6e0bd831ff3e63e8260f8e619d78d64748121e0f8584/pyxel-2.7.3-cp38-abi3-manylinux_2_17_armv7l.manylinux2014_armv7l.whl", hash = "sha256:34fd4fd242697220c62749b03a0983bb3cf0ef14314343caa00a21b10adc5fe6", size = 7617964, upload-time = "2026-03-01T09:59:03.268Z" },
    { url = "https://files.pythonhosted.org/packages/43/c3/3f435045826a8c698c5962dbf0daf3aae858fab9aea979cfa1a4caf4aa16/pyxel-2.7.3-cp38-abi3-manylinux_2_17_i686.manylinux2014_i686.whl", hash = "sha256:abb340dad5a2d5d649fed472421f61322e851c1d80ef96f379a17ad0bb1d9163", size = 8334471, upload-time = "2026-03-01T09:59:04.535Z" },
    { url = "https://files.pythonhosted.org/packages/76/9e/ef25013b3e9b74e429ad297bbaa881667be9ecfd4dc6284ae6031da25a80/pyxel-2.7.3-cp38-abi3-manylinux_2_17_x86_64.manylinux2014_x86_64.whl", hash = "sha256:595b77792d34c2da54f08a2e47b8c919efdbce91190fcb9104fde446099e6a73", size = 7906589, upload-time = "2026-03-01T09:59:06.208Z" },
    { url = "https://files.pythonhosted.org/packages/3a/e2/b067db5f475234dfa0580b85c4f97a95fc97bce4febc045e43aebb277d20/pyxel-2.7.3-cp38-abi3-win32.whl", hash = "sha256:51eee828be95dffc37fa9dcaeaaab0eb6df3f8169e7a8ac8f1a693f7d06134bd", size = 6756996, upload-time = "2026-03-01T09:59:08.92Z" },
    { url = "https://files.pythonhosted.org/packages/bc/82/38ce8cac6c7ba6aedad8fb7bc8efb620d8649749524661e14d4b5e92f92d/pyxel-2.7.3-cp38-abi3-win_amd64.whl", hash = "sha256:37049f640169009574bb1b2547e581fdf6b68d1ba982081e3b6da6599af29eea", size = 6945616, upload-time = "2026-03-01T09:59:07.522Z" },
]
